
Microsoft Visual Studio Solution File, Format Version 12.00
# Visual Studio 15
VisualStudioVersion = 15.0.26730.3
MinimumVisualStudioVersion = 10.0.40219.1
Project("{FAE04EC0-301F-11D3-BF4B-00C04F79EFBC}") = "lab08", "lab08\lab08.csproj", "{1EE8016A-D5D4-477F-AE1F-45D44010F04B}"
EndProject
Global
	GlobalSection(SolutionConfigurationPlatforms) = preSolution
		Debug|Any CPU = Debug|Any CPU
		Release|Any CPU = Release|Any CPU
	EndGlobalSection
	GlobalSection(ProjectConfigurationPlatforms) = postSolution
		{1EE8016A-D5D4-477F-AE1F-45D44010F04B}.Debug|Any CPU.ActiveCfg = Debug|Any CPU
		{1EE8016A-D5D4-477F-AE1F-45D44010F04B}.Debug|Any CPU.Build.0 = Debug|Any CPU
		{1EE8016A-D5D4-477F-AE1F-45D44010F04B}.Release|Any CPU.ActiveCfg = Release|Any CPU
		{1EE8016A-D5D4-477F-AE1F-45D44010F04B}.Release|Any CPU.Build.0 = Release|Any CPU
	EndGlobalSection
	GlobalSection(SolutionProperties) = preSolution
		HideSolutionNode = FALSE
	EndGlobalSection
	GlobalSection(ExtensibilityGlobals) = postSolution
		SolutionGuid = {986AA6A4-CC5F-489E-901C-793C44752C50}
	EndGlobalSection
EndGlobal
